// !$*UTF8*$!
{
	archiveVersion = 1;
	classes = {
	};
	objectVersion = 46;
	objects = {

/* Begin PBXBuildFile section */
		FD1C6F281622FBD40027CE5B /* libOT.a in Frameworks */ = {isa = PBXBuildFile; fileRef = FD1C6F211622FBAF0027CE5B /* libOT.a */; };
		FD1C6F2A1622FC2C0027CE5B /* uv.a in Frameworks */ = {isa = PBXBuildFile; fileRef = FD1C6F291622FC2C0027CE5B /* uv.a */; };
		FD1C6F3C1622FD1A0027CE5B /* CoreFoundation.framework in Frameworks */ = {isa = PBXBuildFile; fileRef = FD1C6F381622FCB20027CE5B /* CoreFoundation.framework */; };
		FD1C6F3E1622FD790027CE5B /* CoreServices.framework in Frameworks */ = {isa = PBXBuildFile; fileRef = FD1C6F3D1622FD790027CE5B /* CoreServices.framework */; };
		FD98373416631DB1006BCC26 /* db.c in Sources */ = {isa = PBXBuildFile; fileRef = FD98372B16631DB1006BCC26 /* db.c */; };
		FD98373516631DB1006BCC26 /* dict.c in Sources */ = {isa = PBXBuildFile; fileRef = FD98372D16631DB1006BCC26 /* dict.c */; };
		FD98373616631DB1006BCC26 /* main.c in Sources */ = {isa = PBXBuildFile; fileRef = FD98372F16631DB1006BCC26 /* main.c */; };
		FD98373716631DB1006BCC26 /* ot.c in Sources */ = {isa = PBXBuildFile; fileRef = FD98373016631DB1006BCC26 /* ot.c */; };
		FD98373816631DB1006BCC26 /* dstr.c in Sources */ = {isa = PBXBuildFile; fileRef = FD98373216631DB1006BCC26 /* dstr.c */; };
		FD98373B16631DDB006BCC26 /* net.c in Sources */ = {isa = PBXBuildFile; fileRef = FD98373916631DDB006BCC26 /* net.c */; };
		FD98373D1663297B006BCC26 /* protocol.c in Sources */ = {isa = PBXBuildFile; fileRef = FD98373C1663297B006BCC26 /* protocol.c */; };
		FD9837401663B41A006BCC26 /* buffer.c in Sources */ = {isa = PBXBuildFile; fileRef = FD98373F1663B41A006BCC26 /* buffer.c */; };
/* End PBXBuildFile section */

/* Begin PBXContainerItemProxy section */
		FD1C6F201622FBAF0027CE5B /* PBXContainerItemProxy */ = {
			isa = PBXContainerItemProxy;
			containerPortal = FD1C6F121622FBAF0027CE5B /* OT.xcodeproj */;
			proxyType = 2;
			remoteGlobalIDString = FD5DA46B15F0474E00C631B9;
			remoteInfo = OT;
		};
		FD1C6F221622FBAF0027CE5B /* PBXContainerItemProxy */ = {
			isa = PBXContainerItemProxy;
			containerPortal = FD1C6F121622FBAF0027CE5B /* OT.xcodeproj */;
			proxyType = 2;
			remoteGlobalIDString = FD5DA49815F04A9C00C631B9;
			remoteInfo = test;
		};
		FD1C6F261622FBCB0027CE5B /* PBXContainerItemProxy */ = {
			isa = PBXContainerItemProxy;
			containerPortal = FD1C6F121622FBAF0027CE5B /* OT.xcodeproj */;
			proxyType = 1;
			remoteGlobalIDString = FD5DA46A15F0474E00C631B9;
			remoteInfo = OT;
		};
/* End PBXContainerItemProxy section */

/* Begin PBXCopyFilesBuildPhase section */
		FD1C6F031622FB860027CE5B /* CopyFiles */ = {
			isa = PBXCopyFilesBuildPhase;
			buildActionMask = 2147483647;
			dstPath = /usr/share/man/man1/;
			dstSubfolderSpec = 0;
			files = (
			);
			runOnlyForDeploymentPostprocessing = 1;
		};
/* End PBXCopyFilesBuildPhase section */

/* Begin PBXFileReference section */
		FD1C6F051622FB860027CE5B /* share */ = {isa = PBXFileReference; explicitFileType = "compiled.mach-o.executable"; includeInIndex = 0; path = share; sourceTree = BUILT_PRODUCTS_DIR; };
		FD1C6F121622FBAF0027CE5B /* OT.xcodeproj */ = {isa = PBXFileReference; lastKnownFileType = "wrapper.pb-project"; name = OT.xcodeproj; path = ../../libot/OT.xcodeproj; sourceTree = "<group>"; };
		FD1C6F291622FC2C0027CE5B /* uv.a */ = {isa = PBXFileReference; lastKnownFileType = archive.ar; name = uv.a; path = ../uv.a; sourceTree = "<group>"; };
		FD1C6F2E1622FC620027CE5B /* ev.h */ = {isa = PBXFileReference; lastKnownFileType = sourcecode.c.h; path = ev.h; sourceTree = "<group>"; };
		FD1C6F2F1622FC620027CE5B /* ngx-queue.h */ = {isa = PBXFileReference; lastKnownFileType = sourcecode.c.h; path = "ngx-queue.h"; sourceTree = "<group>"; };
		FD1C6F301622FC620027CE5B /* tree.h */ = {isa = PBXFileReference; lastKnownFileType = sourcecode.c.h; path = tree.h; sourceTree = "<group>"; };
		FD1C6F311622FC620027CE5B /* uv-bsd.h */ = {isa = PBXFileReference; lastKnownFileType = sourcecode.c.h; path = "uv-bsd.h"; sourceTree = "<group>"; };
		FD1C6F321622FC620027CE5B /* uv-darwin.h */ = {isa = PBXFileReference; lastKnownFileType = sourcecode.c.h; path = "uv-darwin.h"; sourceTree = "<group>"; };
		FD1C6F331622FC620027CE5B /* uv-linux.h */ = {isa = PBXFileReference; lastKnownFileType = sourcecode.c.h; path = "uv-linux.h"; sourceTree = "<group>"; };
		FD1C6F341622FC620027CE5B /* uv-sunos.h */ = {isa = PBXFileReference; lastKnownFileType = sourcecode.c.h; path = "uv-sunos.h"; sourceTree = "<group>"; };
		FD1C6F351622FC620027CE5B /* uv-unix.h */ = {isa = PBXFileReference; lastKnownFileType = sourcecode.c.h; path = "uv-unix.h"; sourceTree = "<group>"; };
		FD1C6F361622FC620027CE5B /* uv-win.h */ = {isa = PBXFileReference; lastKnownFileType = sourcecode.c.h; path = "uv-win.h"; sourceTree = "<group>"; };
		FD1C6F371622FC620027CE5B /* uv.h */ = {isa = PBXFileReference; lastKnownFileType = sourcecode.c.h; path = uv.h; sourceTree = "<group>"; };
		FD1C6F381622FCB20027CE5B /* CoreFoundation.framework */ = {isa = PBXFileReference; lastKnownFileType = wrapper.framework; name = CoreFoundation.framework; path = System/Library/Frameworks/CoreFoundation.framework; sourceTree = SDKROOT; };
		FD1C6F3A1622FD070027CE5B /* Foundation.framework */ = {isa = PBXFileReference; lastKnownFileType = wrapper.framework; name = Foundation.framework; path = System/Library/Frameworks/Foundation.framework; sourceTree = SDKROOT; };
		FD1C6F3D1622FD790027CE5B /* CoreServices.framework */ = {isa = PBXFileReference; lastKnownFileType = wrapper.framework; name = CoreServices.framework; path = System/Library/Frameworks/CoreServices.framework; sourceTree = SDKROOT; };
		FD98372B16631DB1006BCC26 /* db.c */ = {isa = PBXFileReference; fileEncoding = 4; lastKnownFileType = sourcecode.c.c; path = db.c; sourceTree = "<group>"; };
		FD98372C16631DB1006BCC26 /* db.h */ = {isa = PBXFileReference; fileEncoding = 4; lastKnownFileType = sourcecode.c.h; path = db.h; sourceTree = "<group>"; };
		FD98372D16631DB1006BCC26 /* dict.c */ = {isa = PBXFileReference; fileEncoding = 4; lastKnownFileType = sourcecode.c.c; path = dict.c; sourceTree = "<group>"; };
		FD98372E16631DB1006BCC26 /* dict.h */ = {isa = PBXFileReference; fileEncoding = 4; lastKnownFileType = sourcecode.c.h; path = dict.h; sourceTree = "<group>"; };
		FD98372F16631DB1006BCC26 /* main.c */ = {isa = PBXFileReference; fileEncoding = 4; lastKnownFileType = sourcecode.c.c; path = main.c; sourceTree = "<group>"; };
		FD98373016631DB1006BCC26 /* ot.c */ = {isa = PBXFileReference; fileEncoding = 4; lastKnownFileType = sourcecode.c.c; path = ot.c; sourceTree = "<group>"; };
		FD98373116631DB1006BCC26 /* ot.h */ = {isa = PBXFileReference; fileEncoding = 4; lastKnownFileType = sourcecode.c.h; path = ot.h; sourceTree = "<group>"; };
		FD98373216631DB1006BCC26 /* dstr.c */ = {isa = PBXFileReference; fileEncoding = 4; lastKnownFileType = sourcecode.c.c; path = dstr.c; sourceTree = "<group>"; };
		FD98373316631DB1006BCC26 /* dstr.h */ = {isa = PBXFileReference; fileEncoding = 4; lastKnownFileType = sourcecode.c.h; path = dstr.h; sourceTree = "<group>"; };
		FD98373916631DDB006BCC26 /* net.c */ = {isa = PBXFileReference; fileEncoding = 4; lastKnownFileType = sourcecode.c.c; path = net.c; sourceTree = "<group>"; };
		FD98373A16631DDB006BCC26 /* net.h */ = {isa = PBXFileReference; fileEncoding = 4; lastKnownFileType = sourcecode.c.h; path = net.h; sourceTree = "<group>"; };
		FD98373C1663297B006BCC26 /* protocol.c */ = {isa = PBXFileReference; fileEncoding = 4; lastKnownFileType = sourcecode.c.c; path = protocol.c; sourceTree = "<group>"; };
		FD98373E16632A15006BCC26 /* sharedb.1 */ = {isa = PBXFileReference; fileEncoding = 4; lastKnownFileType = text.man; name = sharedb.1; path = ../sharedb.1; sourceTree = "<group>"; };
		FD98373F1663B41A006BCC26 /* buffer.c */ = {isa = PBXFileReference; fileEncoding = 4; lastKnownFileType = sourcecode.c.c; path = buffer.c; sourceTree = "<group>"; };
		FD9837411663B47C006BCC26 /* buffer.h */ = {isa = PBXFileReference; lastKnownFileType = sourcecode.c.h; path = buffer.h; sourceTree = "<group>"; };
		FDFF086F16670A470034F972 /* protocol.h */ = {isa = PBXFileReference; lastKnownFileType = sourcecode.c.h; path = protocol.h; sourceTree = "<group>"; };
/* End PBXFileReference section */

/* Begin PBXFrameworksBuildPhase section */
		FD1C6F021622FB860027CE5B /* Frameworks */ = {
			isa = PBXFrameworksBuildPhase;
			buildActionMask = 2147483647;
			files = (
				FD1C6F3E1622FD790027CE5B /* CoreServices.framework in Frameworks */,
				FD1C6F3C1622FD1A0027CE5B /* CoreFoundation.framework in Frameworks */,
				FD1C6F281622FBD40027CE5B /* libOT.a in Frameworks */,
				FD1C6F2A1622FC2C0027CE5B /* uv.a in Frameworks */,
			);
			runOnlyForDeploymentPostprocessing = 0;
		};
/* End PBXFrameworksBuildPhase section */

/* Begin PBXGroup section */
		FD1C6EFA1622FB860027CE5B = {
			isa = PBXGroup;
			children = (
				FD98373E16632A15006BCC26 /* sharedb.1 */,
				FD98372A16631D53006BCC26 /* src */,
				FD1C6F061622FB860027CE5B /* Products */,
				FD1C6F421623AF880027CE5B /* libs */,
				FD1C6F121622FBAF0027CE5B /* OT.xcodeproj */,
			);
			sourceTree = "<group>";
		};
		FD1C6F061622FB860027CE5B /* Products */ = {
			isa = PBXGroup;
			children = (
				FD1C6F051622FB860027CE5B /* share */,
			);
			name = Products;
			sourceTree = "<group>";
		};
		FD1C6F131622FBAF0027CE5B /* Products */ = {
			isa = PBXGroup;
			children = (
				FD1C6F211622FBAF0027CE5B /* libOT.a */,
				FD1C6F231622FBAF0027CE5B /* test */,
			);
			name = Products;
			sourceTree = "<group>";
		};
		FD1C6F2C1622FC620027CE5B /* uv */ = {
			isa = PBXGroup;
			children = (
				FD1C6F2D1622FC620027CE5B /* uv-private */,
				FD1C6F371622FC620027CE5B /* uv.h */,
				FD1C6F291622FC2C0027CE5B /* uv.a */,
			);
			name = uv;
			path = ../../libuv/include;
			sourceTree = "<group>";
		};
		FD1C6F2D1622FC620027CE5B /* uv-private */ = {
			isa = PBXGroup;
			children = (
				FD1C6F2E1622FC620027CE5B /* ev.h */,
				FD1C6F2F1622FC620027CE5B /* ngx-queue.h */,
				FD1C6F301622FC620027CE5B /* tree.h */,
				FD1C6F311622FC620027CE5B /* uv-bsd.h */,
				FD1C6F321622FC620027CE5B /* uv-darwin.h */,
				FD1C6F331622FC620027CE5B /* uv-linux.h */,
				FD1C6F341622FC620027CE5B /* uv-sunos.h */,
				FD1C6F351622FC620027CE5B /* uv-unix.h */,
				FD1C6F361622FC620027CE5B /* uv-win.h */,
			);
			path = "uv-private";
			sourceTree = "<group>";
		};
		FD1C6F421623AF880027CE5B /* libs */ = {
			isa = PBXGroup;
			children = (
				FD1C6F3D1622FD790027CE5B /* CoreServices.framework */,
				FD1C6F3A1622FD070027CE5B /* Foundation.framework */,
				FD1C6F381622FCB20027CE5B /* CoreFoundation.framework */,
				FD1C6F2C1622FC620027CE5B /* uv */,
			);
			name = libs;
			sourceTree = "<group>";
		};
		FD98372A16631D53006BCC26 /* src */ = {
			isa = PBXGroup;
			children = (
				FD98372F16631DB1006BCC26 /* main.c */,
				FD9837411663B47C006BCC26 /* buffer.h */,
				FD98373F1663B41A006BCC26 /* buffer.c */,
				FD98373A16631DDB006BCC26 /* net.h */,
				FD98373916631DDB006BCC26 /* net.c */,
				FDFF086F16670A470034F972 /* protocol.h */,
				FD98373C1663297B006BCC26 /* protocol.c */,
				FD98372C16631DB1006BCC26 /* db.h */,
				FD98372B16631DB1006BCC26 /* db.c */,
				FD98373116631DB1006BCC26 /* ot.h */,
				FD98373016631DB1006BCC26 /* ot.c */,
				FD98373316631DB1006BCC26 /* dstr.h */,
				FD98373216631DB1006BCC26 /* dstr.c */,
				FD98372E16631DB1006BCC26 /* dict.h */,
				FD98372D16631DB1006BCC26 /* dict.c */,
			);
			name = src;
			path = ../src;
			sourceTree = SOURCE_ROOT;
		};
/* End PBXGroup section */

/* Begin PBXNativeTarget section */
		FD1C6F041622FB860027CE5B /* share */ = {
			isa = PBXNativeTarget;
			buildConfigurationList = FD1C6F0F1622FB860027CE5B /* Build configuration list for PBXNativeTarget "share" */;
			buildPhases = (
				FD1C6F011622FB860027CE5B /* Sources */,
				FD1C6F021622FB860027CE5B /* Frameworks */,
				FD1C6F031622FB860027CE5B /* CopyFiles */,
			);
			buildRules = (
			);
			dependencies = (
				FD1C6F271622FBCB0027CE5B /* PBXTargetDependency */,
			);
			name = share;
			productName = share;
			productReference = FD1C6F051622FB860027CE5B /* share */;
			productType = "com.apple.product-type.tool";
		};
/* End PBXNativeTarget section */

/* Begin PBXProject section */
		FD1C6EFC1622FB860027CE5B /* Project object */ = {
			isa = PBXProject;
			attributes = {
				LastUpgradeCheck = 0450;
				ORGANIZATIONNAME = "Joseph Gentle";
			};
			buildConfigurationList = FD1C6EFF1622FB860027CE5B /* Build configuration list for PBXProject "share" */;
			compatibilityVersion = "Xcode 3.2";
			developmentRegion = English;
			hasScannedForEncodings = 0;
			knownRegions = (
				en,
			);
			mainGroup = FD1C6EFA1622FB860027CE5B;
			productRefGroup = FD1C6F061622FB860027CE5B /* Products */;
			projectDirPath = "";
			projectReferences = (
				{
					ProductGroup = FD1C6F131622FBAF0027CE5B /* Products */;
					ProjectRef = FD1C6F121622FBAF0027CE5B /* OT.xcodeproj */;
				},
			);
			projectRoot = "";
			targets = (
				FD1C6F041622FB860027CE5B /* share */,
			);
		};
/* End PBXProject section */

/* Begin PBXReferenceProxy section */
		FD1C6F211622FBAF0027CE5B /* libOT.a */ = {
			isa = PBXReferenceProxy;
			fileType = archive.ar;
			path = libOT.a;
			remoteRef = FD1C6F201622FBAF0027CE5B /* PBXContainerItemProxy */;
			sourceTree = BUILT_PRODUCTS_DIR;
		};
		FD1C6F231622FBAF0027CE5B /* test */ = {
			isa = PBXReferenceProxy;
			fileType = "compiled.mach-o.executable";
			path = test;
			remoteRef = FD1C6F221622FBAF0027CE5B /* PBXContainerItemProxy */;
			sourceTree = BUILT_PRODUCTS_DIR;
		};
/* End PBXReferenceProxy section */

/* Begin PBXSourcesBuildPhase section */
		FD1C6F011622FB860027CE5B /* Sources */ = {
			isa = PBXSourcesBuildPhase;
			buildActionMask = 2147483647;
			files = (
				FD98373416631DB1006BCC26 /* db.c in Sources */,
				FD98373516631DB1006BCC26 /* dict.c in Sources */,
				FD98373616631DB1006BCC26 /* main.c in Sources */,
				FD98373716631DB1006BCC26 /* ot.c in Sources */,
				FD98373816631DB1006BCC26 /* dstr.c in Sources */,
				FD98373B16631DDB006BCC26 /* net.c in Sources */,
				FD98373D1663297B006BCC26 /* protocol.c in Sources */,
				FD9837401663B41A006BCC26 /* buffer.c in Sources */,
			);
			runOnlyForDeploymentPostprocessing = 0;
		};
/* End PBXSourcesBuildPhase section */

/* Begin PBXTargetDependency section */
		FD1C6F271622FBCB0027CE5B /* PBXTargetDependency */ = {
			isa = PBXTargetDependency;
			name = OT;
			targetProxy = FD1C6F261622FBCB0027CE5B /* PBXContainerItemProxy */;
		};
/* End PBXTargetDependency section */

/* Begin XCBuildConfiguration section */
		FD1C6F0D1622FB860027CE5B /* Debug */ = {
			isa = XCBuildConfiguration;
			buildSettings = {
				ALWAYS_SEARCH_USER_PATHS = NO;
				ARCHS = "$(ARCHS_STANDARD_64_BIT)";
				CLANG_CXX_LANGUAGE_STANDARD = "gnu++0x";
				CLANG_CXX_LIBRARY = "libc++";
				CLANG_WARN_EMPTY_BODY = YES;
				CLANG_WARN__DUPLICATE_METHOD_MATCH = YES;
				COPY_PHASE_STRIP = NO;
				GCC_C_LANGUAGE_STANDARD = gnu99;
				GCC_DYNAMIC_NO_PIC = NO;
				GCC_ENABLE_OBJC_EXCEPTIONS = YES;
				GCC_OPTIMIZATION_LEVEL = 0;
				GCC_PREPROCESSOR_DEFINITIONS = (
					"DEBUG=1",
					"$(inherited)",
				);
				GCC_SYMBOLS_PRIVATE_EXTERN = NO;
				GCC_WARN_64_TO_32_BIT_CONVERSION = YES;
				GCC_WARN_ABOUT_RETURN_TYPE = YES;
				GCC_WARN_UNINITIALIZED_AUTOS = YES;
				GCC_WARN_UNUSED_VARIABLE = YES;
				HEADER_SEARCH_PATHS = "\"$(TARGET_BUILD_DIR)/usr/local/include";
				MACOSX_DEPLOYMENT_TARGET = 10.8;
				ONLY_ACTIVE_ARCH = YES;
				SDKROOT = macosx;
			};
			name = Debug;
		};
		FD1C6F0E1622FB860027CE5B /* Release */ = {
			isa = XCBuildConfiguration;
			buildSettings = {
				ALWAYS_SEARCH_USER_PATHS = NO;
				ARCHS = "$(ARCHS_STANDARD_64_BIT)";
				CLANG_CXX_LANGUAGE_STANDARD = "gnu++0x";
				CLANG_CXX_LIBRARY = "libc++";
				CLANG_WARN_EMPTY_BODY = YES;
				CLANG_WARN__DUPLICATE_METHOD_MATCH = YES;
				COPY_PHASE_STRIP = YES;
				DEBUG_INFORMATION_FORMAT = "dwarf-with-dsym";
				GCC_C_LANGUAGE_STANDARD = gnu99;
				GCC_ENABLE_OBJC_EXCEPTIONS = YES;
				GCC_WARN_64_TO_32_BIT_CONVERSION = YES;
				GCC_WARN_ABOUT_RETURN_TYPE = YES;
				GCC_WARN_UNINITIALIZED_AUTOS = YES;
				GCC_WARN_UNUSED_VARIABLE = YES;
				HEADER_SEARCH_PATHS = "\"$(TARGET_BUILD_DIR)/usr/local/include";
				MACOSX_DEPLOYMENT_TARGET = 10.8;
				SDKROOT = macosx;
			};
			name = Release;
		};
		FD1C6F101622FB860027CE5B /* Debug */ = {
			isa = XCBuildConfiguration;
			buildSettings = {
				LIBRARY_SEARCH_PATHS = (
					"$(inherited)",
					"\"$(SRCROOT)/../../libuv\"",
				);
				PRODUCT_NAME = "$(TARGET_NAME)";
			};
			name = Debug;
		};
		FD1C6F111622FB860027CE5B /* Release */ = {
			isa = XCBuildConfiguration;
			buildSettings = {
				LIBRARY_SEARCH_PATHS = (
					"$(inherited)",
					"\"$(SRCROOT)/../../libuv\"",
				);
				PRODUCT_NAME = "$(TARGET_NAME)";
			};
			name = Release;
		};
/* End XCBuildConfiguration section */

/* Begin XCConfigurationList section */
		FD1C6EFF1622FB860027CE5B /* Build configuration list for PBXProject "share" */ = {
			isa = XCConfigurationList;
			buildConfigurations = (
				FD1C6F0D1622FB860027CE5B /* Debug */,
				FD1C6F0E1622FB860027CE5B /* Release */,
			);
			defaultConfigurationIsVisible = 0;
			defaultConfigurationName = Release;
		};
		FD1C6F0F1622FB860027CE5B /* Build configuration list for PBXNativeTarget "share" */ = {
			isa = XCConfigurationList;
			buildConfigurations = (
				FD1C6F101622FB860027CE5B /* Debug */,
				FD1C6F111622FB860027CE5B /* Release */,
			);
			defaultConfigurationIsVisible = 0;
			defaultConfigurationName = Release;
		};
/* End XCConfigurationList section */
	};
	rootObject = FD1C6EFC1622FB860027CE5B /* Project object */;
}
